
Microsoft Visual Studio Solution File, Format Version 12.00
# Visual Studio Version 17
VisualStudioVersion = 17.5.33502.453
MinimumVisualStudioVersion = 10.0.40219.1
Project("{9A19103F-16F7-4668-BE54-9A1E7A4F7556}") = "C#", "C#.csproj", "{EC5DDFE3-1D23-40BD-9E1A-DCA61C8530EF}"
EndProject
Global
	GlobalSection(SolutionConfigurationPlatforms) = preSolution
		Debug|Any CPU = Debug|Any CPU
		Release|Any CPU = Release|Any CPU
	EndGlobalSection
	GlobalSection(ProjectConfigurationPlatforms) = postSolution
		{EC5DDFE3-1D23-40BD-9E1A-DCA61C8530EF}.Debug|Any CPU.ActiveCfg = Debug|Any CPU
		{EC5DDFE3-1D23-40BD-9E1A-DCA61C8530EF}.Debug|Any CPU.Build.0 = Debug|Any CPU
		{EC5DDFE3-1D23-40BD-9E1A-DCA61C8530EF}.Release|Any CPU.ActiveCfg = Release|Any CPU
		{EC5DDFE3-1D23-40BD-9E1A-DCA61C8530EF}.Release|Any CPU.Build.0 = Release|Any CPU
	EndGlobalSection
	GlobalSection(SolutionProperties) = preSolution
		HideSolutionNode = FALSE
	EndGlobalSection
	GlobalSection(ExtensibilityGlobals) = postSolution
		SolutionGuid = {6B930BCC-84E3-44E5-9B00-D64B57779D8F}
	EndGlobalSection
EndGlobal
